{
  "name": "automate-org-rest-js",
  "version": "1.0.0",
  "lockfileVersion": 2,
  "requires": true,
  "packages": {
    "": {
      "name": "automate-org-rest-js",
      "version": "1.0.0",
      "license": "ISC",
      "devDependencies": {
        "@types/node": "^20.11.19"
      }
    },
    "advanced-server-oauth": {
      "name": "arcgis-rest-demo-express-oauth-advanced",
      "version": "3.3.0",
      "extraneous": true,
      "license": "Apache-2.0",
      "dependencies": {
        "@esri/arcgis-rest-request": "^4.0.0",
        "dotenv": "^16.0.0",
        "express": "^4.16.3",
        "express-session": "^1.17.2",
        "session-file-store": "^1.5.0"
      }
    },
    "audit-users": {
      "version": "1.0.0",
      "extraneous": true,
      "license": "ISC"
    },
    "basic-browser-oauth": {
      "name": "@esri/arcgis-rest-demo-vanilla",
      "version": "3.3.0",
      "extraneous": true,
      "license": "Apache-2.0",
      "dependencies": {
        "@esri/arcgis-rest-auth": "^4.0.0",
        "@esri/arcgis-rest-request": "^4.0.0",
        "http-server": "^14.1.1"
      }
    },
    "node_modules/@types/node": {
      "version": "20.11.19",
      "resolved": "https://registry.npmjs.org/@types/node/-/node-20.11.19.tgz",
      "integrity": "sha512-7xMnVEcZFu0DikYjWOlRq7NTPETrm7teqUT2WkQjrTIkEgUyyGdWsj/Zg8bEJt5TNklzbPD1X3fqfsHw3SpapQ==",
      "dev": true,
      "dependencies": {
        "undici-types": "~5.26.4"
      }
    },
    "node_modules/undici-types": {
      "version": "5.26.5",
      "resolved": "https://registry.npmjs.org/undici-types/-/undici-types-5.26.5.tgz",
      "integrity": "sha512-JlCMO+ehdEIKqlFxk6IfVoAUVmgz7cU7zD/h9XZ0qzeosSHmUJVOzSQvvYSYWXkFXC+IfLKSIffhv0sVZup6pA==",
      "dev": true
    },
    "protect-web-map": {
      "version": "1.0.0",
      "extraneous": true,
      "license": "MIT",
      "dependencies": {
        "@esri/arcgis-rest-portal": "^4.4.0",
        "@esri/arcgis-rest-request": "^4.2.0",
        "commander": "^12.0.0",
        "dotenv": "^16.4.5",
        "ts-node": "^10.7.0",
        "typescript": "^4.6.2",
        "yargs": "^17.7.2"
      },
      "bin": {
        "protect-web-map": "index.ts"
      }
    }
  },
  "dependencies": {
    "@types/node": {
      "version": "20.11.19",
      "resolved": "https://registry.npmjs.org/@types/node/-/node-20.11.19.tgz",
      "integrity": "sha512-7xMnVEcZFu0DikYjWOlRq7NTPETrm7teqUT2WkQjrTIkEgUyyGdWsj/Zg8bEJt5TNklzbPD1X3fqfsHw3SpapQ==",
      "dev": true,
      "requires": {
        "undici-types": "~5.26.4"
      }
    },
    "undici-types": {
      "version": "5.26.5",
      "resolved": "https://registry.npmjs.org/undici-types/-/undici-types-5.26.5.tgz",
      "integrity": "sha512-JlCMO+ehdEIKqlFxk6IfVoAUVmgz7cU7zD/h9XZ0qzeosSHmUJVOzSQvvYSYWXkFXC+IfLKSIffhv0sVZup6pA==",
      "dev": true
    }
  }
}
